// !$*UTF8*$!
{
	archiveVersion = 1;
	classes = {
	};
	objectVersion = 50;
	objects = {

/* Begin PBXBuildFile section */
		D04EA1AE2117E753004DFCEF /* AppDelegate.swift in Sources */ = {isa = PBXBuildFile; fileRef = D04EA1AD2117E753004DFCEF /* AppDelegate.swift */; };
		D04EA1B02117E753004DFCEF /* ViewController.swift in Sources */ = {isa = PBXBuildFile; fileRef = D04EA1AF2117E753004DFCEF /* ViewController.swift */; };
		D04EA1B32117E753004DFCEF /* Main.storyboard in Resources */ = {isa = PBXBuildFile; fileRef = D04EA1B12117E753004DFCEF /* Main.storyboard */; };
		D04EA1B62117E753004DFCEF /* TableViewController.xcdatamodeld in Sources */ = {isa = PBXBuildFile; fileRef = D04EA1B42117E753004DFCEF /* TableViewController.xcdatamodeld */; };
		D04EA1B82117E754004DFCEF /* Assets.xcassets in Resources */ = {isa = PBXBuildFile; fileRef = D04EA1B72117E754004DFCEF /* Assets.xcassets */; };
		D04EA1BB2117E754004DFCEF /* LaunchScreen.storyboard in Resources */ = {isa = PBXBuildFile; fileRef = D04EA1B92117E754004DFCEF /* LaunchScreen.storyboard */; };
		D04EA1C32117E78C004DFCEF /* MainTableViewController.swift in Sources */ = {isa = PBXBuildFile; fileRef = D04EA1C22117E78C004DFCEF /* MainTableViewController.swift */; };
		D04EA1C52117E79C004DFCEF /* MyTableViewCell.swift in Sources */ = {isa = PBXBuildFile; fileRef = D04EA1C42117E79C004DFCEF /* MyTableViewCell.swift */; };
/* End PBXBuildFile section */

/* Begin PBXFileReference section */
		D04EA1AA2117E753004DFCEF /* TableViewController.app */ = {isa = PBXFileReference; explicitFileType = wrapper.application; includeInIndex = 0; path = TableViewController.app; sourceTree = BUILT_PRODUCTS_DIR; };
		D04EA1AD2117E753004DFCEF /* AppDelegate.swift */ = {isa = PBXFileReference; lastKnownFileType = sourcecode.swift; path = AppDelegate.swift; sourceTree = "<group>"; };
		D04EA1AF2117E753004DFCEF /* ViewController.swift */ = {isa = PBXFileReference; lastKnownFileType = sourcecode.swift; path = ViewController.swift; sourceTree = "<group>"; };
		D04EA1B22117E753004DFCEF /* Base */ = {isa = PBXFileReference; lastKnownFileType = file.storyboard; name = Base; path = Base.lproj/Main.storyboard; sourceTree = "<group>"; };
		D04EA1B52117E753004DFCEF /* TableViewController.xcdatamodel */ = {isa = PBXFileReference; lastKnownFileType = wrapper.xcdatamodel; path = TableViewController.xcdatamodel; sourceTree = "<group>"; };
		D04EA1B72117E754004DFCEF /* Assets.xcassets */ = {isa = PBXFileReference; lastKnownFileType = folder.assetcatalog; path = Assets.xcassets; sourceTree = "<group>"; };
		D04EA1BA2117E754004DFCEF /* Base */ = {isa = PBXFileReference; lastKnownFileType = file.storyboard; name = Base; path = Base.lproj/LaunchScreen.storyboard; sourceTree = "<group>"; };
		D04EA1BC2117E754004DFCEF /* Info.plist */ = {isa = PBXFileReference; lastKnownFileType = text.plist.xml; path = Info.plist; sourceTree = "<group>"; };
		D04EA1C22117E78C004DFCEF /* MainTableViewController.swift */ = {isa = PBXFileReference; lastKnownFileType = sourcecode.swift; path = MainTableViewController.swift; sourceTree = "<group>"; };
		D04EA1C42117E79C004DFCEF /* MyTableViewCell.swift */ = {isa = PBXFileReference; lastKnownFileType = sourcecode.swift; path = MyTableViewCell.swift; sourceTree = "<group>"; };
/* End PBXFileReference section */

/* Begin PBXFrameworksBuildPhase section */
		D04EA1A72117E753004DFCEF /* Frameworks */ = {
			isa = PBXFrameworksBuildPhase;
			buildActionMask = 2147483647;
			files = (
			);
			runOnlyForDeploymentPostprocessing = 0;
		};
/* End PBXFrameworksBuildPhase section */

/* Begin PBXGroup section */
		D04EA1A12117E753004DFCEF = {
			isa = PBXGroup;
			children = (
				D04EA1AC2117E753004DFCEF /* TableViewController */,
				D04EA1AB2117E753004DFCEF /* Products */,
			);
			sourceTree = "<group>";
		};
		D04EA1AB2117E753004DFCEF /* Products */ = {
			isa = PBXGroup;
			children = (
				D04EA1AA2117E753004DFCEF /* TableViewController.app */,
			);
			name = Products;
			sourceTree = "<group>";
		};
		D04EA1AC2117E753004DFCEF /* TableViewController */ = {
			isa = PBXGroup;
			children = (
				D04EA1AD2117E753004DFCEF /* AppDelegate.swift */,
				D04EA1AF2117E753004DFCEF /* ViewController.swift */,
				D04EA1B12117E753004DFCEF /* Main.storyboard */,
				D04EA1B72117E754004DFCEF /* Assets.xcassets */,
				D04EA1B92117E754004DFCEF /* LaunchScreen.storyboard */,
				D04EA1BC2117E754004DFCEF /* Info.plist */,
				D04EA1B42117E753004DFCEF /* TableViewController.xcdatamodeld */,
				D04EA1C22117E78C004DFCEF /* MainTableViewController.swift */,
				D04EA1C42117E79C004DFCEF /* MyTableViewCell.swift */,
			);
			path = TableViewController;
			sourceTree = "<group>";
		};
/* End PBXGroup section */

/* Begin PBXNativeTarget section */
		D04EA1A92117E753004DFCEF /* TableViewController */ = {
			isa = PBXNativeTarget;
			buildConfigurationList = D04EA1BF2117E754004DFCEF /* Build configuration list for PBXNativeTarget "TableViewController" */;
			buildPhases = (
				D04EA1A62117E753004DFCEF /* Sources */,
				D04EA1A72117E753004DFCEF /* Frameworks */,
				D04EA1A82117E753004DFCEF /* Resources */,
			);
			buildRules = (
			);
			dependencies = (
			);
			name = TableViewController;
			productName = TableViewController;
			productReference = D04EA1AA2117E753004DFCEF /* TableViewController.app */;
			productType = "com.apple.product-type.application";
		};
/* End PBXNativeTarget section */

/* Begin PBXProject section */
		D04EA1A22117E753004DFCEF /* Project object */ = {
			isa = PBXProject;
			attributes = {
				LastSwiftUpdateCheck = 0940;
				LastUpgradeCheck = 0940;
				ORGANIZATIONNAME = ahnYeLim;
				TargetAttributes = {
					D04EA1A92117E753004DFCEF = {
						CreatedOnToolsVersion = 9.4.1;
					};
				};
			};
			buildConfigurationList = D04EA1A52117E753004DFCEF /* Build configuration list for PBXProject "TableViewController" */;
			compatibilityVersion = "Xcode 9.3";
			developmentRegion = en;
			hasScannedForEncodings = 0;
			knownRegions = (
				en,
				Base,
			);
			mainGroup = D04EA1A12117E753004DFCEF;
			productRefGroup = D04EA1AB2117E753004DFCEF /* Products */;
			projectDirPath = "";
			projectRoot = "";
			targets = (
				D04EA1A92117E753004DFCEF /* TableViewController */,
			);
		};
/* End PBXProject section */

/* Begin PBXResourcesBuildPhase section */
		D04EA1A82117E753004DFCEF /* Resources */ = {
			isa = PBXResourcesBuildPhase;
			buildActionMask = 2147483647;
			files = (
				D04EA1BB2117E754004DFCEF /* LaunchScreen.storyboard in Resources */,
				D04EA1B82117E754004DFCEF /* Assets.xcassets in Resources */,
				D04EA1B32117E753004DFCEF /* Main.storyboard in Resources */,
			);
			runOnlyForDeploymentPostprocessing = 0;
		};
/* End PBXResourcesBuildPhase section */

/* Begin PBXSourcesBuildPhase section */
		D04EA1A62117E753004DFCEF /* Sources */ = {
			isa = PBXSourcesBuildPhase;
			buildActionMask = 2147483647;
			files = (
				D04EA1C32117E78C004DFCEF /* MainTableViewController.swift in Sources */,
				D04EA1B02117E753004DFCEF /* ViewController.swift in Sources */,
				D04EA1AE2117E753004DFCEF /* AppDelegate.swift in Sources */,
				D04EA1C52117E79C004DFCEF /* MyTableViewCell.swift in Sources */,
				D04EA1B62117E753004DFCEF /* TableViewController.xcdatamodeld in Sources */,
			);
			runOnlyForDeploymentPostprocessing = 0;
		};
/* End PBXSourcesBuildPhase section */

/* Begin PBXVariantGroup section */
		D04EA1B12117E753004DFCEF /* Main.storyboard */ = {
			isa = PBXVariantGroup;
			children = (
				D04EA1B22117E753004DFCEF /* Base */,
			);
			name = Main.storyboard;
			sourceTree = "<group>";
		};
		D04EA1B92117E754004DFCEF /* LaunchScreen.storyboard */ = {
			isa = PBXVariantGroup;
			children = (
				D04EA1BA2117E754004DFCEF /* Base */,
			);
			name = LaunchScreen.storyboard;
			sourceTree = "<group>";
		};
/* End PBXVariantGroup section */

/* Begin XCBuildConfiguration section */
		D04EA1BD2117E754004DFCEF /* Debug */ = {
			isa = XCBuildConfiguration;
			buildSettings = {
				ALWAYS_SEARCH_USER_PATHS = NO;
				CLANG_ANALYZER_NONNULL = YES;
				CLANG_ANALYZER_NUMBER_OBJECT_CONVERSION = YES_AGGRESSIVE;
				CLANG_CXX_LANGUAGE_STANDARD = "gnu++14";
				CLANG_CXX_LIBRARY = "libc++";
				CLANG_ENABLE_MODULES = YES;
				CLANG_ENABLE_OBJC_ARC = YES;
				CLANG_ENABLE_OBJC_WEAK = YES;
				CLANG_WARN_BLOCK_CAPTURE_AUTORELEASING = YES;
				CLANG_WARN_BOOL_CONVERSION = YES;
				CLANG_WARN_COMMA = YES;
				CLANG_WARN_CONSTANT_CONVERSION = YES;
				CLANG_WARN_DEPRECATED_OBJC_IMPLEMENTATIONS = YES;
				CLANG_WARN_DIRECT_OBJC_ISA_USAGE = YES_ERROR;
				CLANG_WARN_DOCUMENTATION_COMMENTS = YES;
				CLANG_WARN_EMPTY_BODY = YES;
				CLANG_WARN_ENUM_CONVERSION = YES;
				CLANG_WARN_INFINITE_RECURSION = YES;
				CLANG_WARN_INT_CONVERSION = YES;
				CLANG_WARN_NON_LITERAL_NULL_CONVERSION = YES;
				CLANG_WARN_OBJC_IMPLICIT_RETAIN_SELF = YES;
				CLANG_WARN_OBJC_LITERAL_CONVERSION = YES;
				CLANG_WARN_OBJC_ROOT_CLASS = YES_ERROR;
				CLANG_WARN_RANGE_LOOP_ANALYSIS = YES;
				CLANG_WARN_STRICT_PROTOTYPES = YES;
				CLANG_WARN_SUSPICIOUS_MOVE = YES;
				CLANG_WARN_UNGUARDED_AVAILABILITY = YES_AGGRESSIVE;
				CLANG_WARN_UNREACHABLE_CODE = YES;
				CLANG_WARN__DUPLICATE_METHOD_MATCH = YES;
				CODE_SIGN_IDENTITY = "iPhone Developer";
				COPY_PHASE_STRIP = NO;
				DEBUG_INFORMATION_FORMAT = dwarf;
				ENABLE_STRICT_OBJC_MSGSEND = YES;
				ENABLE_TESTABILITY = YES;
				GCC_C_LANGUAGE_STANDARD = gnu11;
				GCC_DYNAMIC_NO_PIC = NO;
				GCC_NO_COMMON_BLOCKS = YES;
				GCC_OPTIMIZATION_LEVEL = 0;
				GCC_PREPROCESSOR_DEFINITIONS = (
					"DEBUG=1",
					"$(inherited)",
				);
				GCC_WARN_64_TO_32_BIT_CONVERSION = YES;
				GCC_WARN_ABOUT_RETURN_TYPE = YES_ERROR;
				GCC_WARN_UNDECLARED_SELECTOR = YES;
				GCC_WARN_UNINITIALIZED_AUTOS = YES_AGGRESSIVE;
				GCC_WARN_UNUSED_FUNCTION = YES;
				GCC_WARN_UNUSED_VARIABLE = YES;
				IPHONEOS_DEPLOYMENT_TARGET = 11.4;
				MTL_ENABLE_DEBUG_INFO = YES;
				ONLY_ACTIVE_ARCH = YES;
				SDKROOT = iphoneos;
				SWIFT_ACTIVE_COMPILATION_CONDITIONS = DEBUG;
				SWIFT_OPTIMIZATION_LEVEL = "-Onone";
			};
			name = Debug;
		};
		D04EA1BE2117E754004DFCEF /* Release */ = {
			isa = XCBuildConfiguration;
			buildSettings = {
				ALWAYS_SEARCH_USER_PATHS = NO;
				CLANG_ANALYZER_NONNULL = YES;
				CLANG_ANALYZER_NUMBER_OBJECT_CONVERSION = YES_AGGRESSIVE;
				CLANG_CXX_LANGUAGE_STANDARD = "gnu++14";
				CLANG_CXX_LIBRARY = "libc++";
				CLANG_ENABLE_MODULES = YES;
				CLANG_ENABLE_OBJC_ARC = YES;
				CLANG_ENABLE_OBJC_WEAK = YES;
				CLANG_WARN_BLOCK_CAPTURE_AUTORELEASING = YES;
				CLANG_WARN_BOOL_CONVERSION = YES;
				CLANG_WARN_COMMA = YES;
				CLANG_WARN_CONSTANT_CONVERSION = YES;
				CLANG_WARN_DEPRECATED_OBJC_IMPLEMENTATIONS = YES;
				CLANG_WARN_DIRECT_OBJC_ISA_USAGE = YES_ERROR;
				CLANG_WARN_DOCUMENTATION_COMMENTS = YES;
				CLANG_WARN_EMPTY_BODY = YES;
				CLANG_WARN_ENUM_CONVERSION = YES;
				CLANG_WARN_INFINITE_RECURSION = YES;
				CLANG_WARN_INT_CONVERSION = YES;
				CLANG_WARN_NON_LITERAL_NULL_CONVERSION = YES;
				CLANG_WARN_OBJC_IMPLICIT_RETAIN_SELF = YES;
				CLANG_WARN_OBJC_LITERAL_CONVERSION = YES;
				CLANG_WARN_OBJC_ROOT_CLASS = YES_ERROR;
				CLANG_WARN_RANGE_LOOP_ANALYSIS = YES;
				CLANG_WARN_STRICT_PROTOTYPES = YES;
				CLANG_WARN_SUSPICIOUS_MOVE = YES;
				CLANG_WARN_UNGUARDED_AVAILABILITY = YES_AGGRESSIVE;
				CLANG_WARN_UNREACHABLE_CODE = YES;
				CLANG_WARN__DUPLICATE_METHOD_MATCH = YES;
				CODE_SIGN_IDENTITY = "iPhone Developer";
				COPY_PHASE_STRIP = NO;
				DEBUG_INFORMATION_FORMAT = "dwarf-with-dsym";
				ENABLE_NS_ASSERTIONS = NO;
				ENABLE_STRICT_OBJC_MSGSEND = YES;
				GCC_C_LANGUAGE_STANDARD = gnu11;
				GCC_NO_COMMON_BLOCKS = YES;
				GCC_WARN_64_TO_32_BIT_CONVERSION = YES;
				GCC_WARN_ABOUT_RETURN_TYPE = YES_ERROR;
				GCC_WARN_UNDECLARED_SELECTOR = YES;
				GCC_WARN_UNINITIALIZED_AUTOS = YES_AGGRESSIVE;
				GCC_WARN_UNUSED_FUNCTION = YES;
				GCC_WARN_UNUSED_VARIABLE = YES;
				IPHONEOS_DEPLOYMENT_TARGET = 11.4;
				MTL_ENABLE_DEBUG_INFO = NO;
				SDKROOT = iphoneos;
				SWIFT_COMPILATION_MODE = wholemodule;
				SWIFT_OPTIMIZATION_LEVEL = "-O";
				VALIDATE_PRODUCT = YES;
			};
			name = Release;
		};
		D04EA1C02117E754004DFCEF /* Debug */ = {
			isa = XCBuildConfiguration;
			buildSettings = {
				ASSETCATALOG_COMPILER_APPICON_NAME = AppIcon;
				CODE_SIGN_STYLE = Automatic;
				INFOPLIST_FILE = TableViewController/Info.plist;
				LD_RUNPATH_SEARCH_PATHS = (
					"$(inherited)",
					"@executable_path/Frameworks",
				);
				PRODUCT_BUNDLE_IDENTIFIER = tableView.TableViewController;
				PRODUCT_NAME = "$(TARGET_NAME)";
				SWIFT_VERSION = 4.0;
				TARGETED_DEVICE_FAMILY = "1,2";
			};
			name = Debug;
		};
		D04EA1C12117E754004DFCEF /* Release */ = {
			isa = XCBuildConfiguration;
			buildSettings = {
				ASSETCATALOG_COMPILER_APPICON_NAME = AppIcon;
				CODE_SIGN_STYLE = Automatic;
				INFOPLIST_FILE = TableViewController/Info.plist;
				LD_RUNPATH_SEARCH_PATHS = (
					"$(inherited)",
					"@executable_path/Frameworks",
				);
				PRODUCT_BUNDLE_IDENTIFIER = tableView.TableViewController;
				PRODUCT_NAME = "$(TARGET_NAME)";
				SWIFT_VERSION = 4.0;
				TARGETED_DEVICE_FAMILY = "1,2";
			};
			name = Release;
		};
/* End XCBuildConfiguration section */

/* Begin XCConfigurationList section */
		D04EA1A52117E753004DFCEF /* Build configuration list for PBXProject "TableViewController" */ = {
			isa = XCConfigurationList;
			buildConfigurations = (
				D04EA1BD2117E754004DFCEF /* Debug */,
				D04EA1BE2117E754004DFCEF /* Release */,
			);
			defaultConfigurationIsVisible = 0;
			defaultConfigurationName = Release;
		};
		D04EA1BF2117E754004DFCEF /* Build configuration list for PBXNativeTarget "TableViewController" */ = {
			isa = XCConfigurationList;
			buildConfigurations = (
				D04EA1C02117E754004DFCEF /* Debug */,
				D04EA1C12117E754004DFCEF /* Release */,
			);
			defaultConfigurationIsVisible = 0;
			defaultConfigurationName = Release;
		};
/* End XCConfigurationList section */

/* Begin XCVersionGroup section */
		D04EA1B42117E753004DFCEF /* TableViewController.xcdatamodeld */ = {
			isa = XCVersionGroup;
			children = (
				D04EA1B52117E753004DFCEF /* TableViewController.xcdatamodel */,
			);
			currentVersion = D04EA1B52117E753004DFCEF /* TableViewController.xcdatamodel */;
			path = TableViewController.xcdatamodeld;
			sourceTree = "<group>";
			versionGroupType = wrapper.xcdatamodel;
		};
/* End XCVersionGroup section */
	};
	rootObject = D04EA1A22117E753004DFCEF /* Project object */;
}
