// !$*UTF8*$!
{
	archiveVersion = 1;
	classes = {
	};
	objectVersion = 50;
	objects = {

/* Begin PBXBuildFile section */
		D04EA1F42117E7E1004DFCEF /* AppDelegate.swift in Sources */ = {isa = PBXBuildFile; fileRef = D04EA1F32117E7E1004DFCEF /* AppDelegate.swift */; };
		D04EA1F92117E7E1004DFCEF /* Main.storyboard in Resources */ = {isa = PBXBuildFile; fileRef = D04EA1F72117E7E1004DFCEF /* Main.storyboard */; };
		D04EA1FC2117E7E1004DFCEF /* collectionVIewTest.xcdatamodeld in Sources */ = {isa = PBXBuildFile; fileRef = D04EA1FA2117E7E1004DFCEF /* collectionVIewTest.xcdatamodeld */; };
		D04EA1FE2117E7E2004DFCEF /* Assets.xcassets in Resources */ = {isa = PBXBuildFile; fileRef = D04EA1FD2117E7E2004DFCEF /* Assets.xcassets */; };
		D04EA2012117E7E2004DFCEF /* LaunchScreen.storyboard in Resources */ = {isa = PBXBuildFile; fileRef = D04EA1FF2117E7E2004DFCEF /* LaunchScreen.storyboard */; };
		D04EA2092117EDC6004DFCEF /* MainCollectionViewController.swift in Sources */ = {isa = PBXBuildFile; fileRef = D04EA2082117EDC6004DFCEF /* MainCollectionViewController.swift */; };
/* End PBXBuildFile section */

/* Begin PBXFileReference section */
		D04EA1F02117E7E1004DFCEF /* collectionVIewTest.app */ = {isa = PBXFileReference; explicitFileType = wrapper.application; includeInIndex = 0; path = collectionVIewTest.app; sourceTree = BUILT_PRODUCTS_DIR; };
		D04EA1F32117E7E1004DFCEF /* AppDelegate.swift */ = {isa = PBXFileReference; lastKnownFileType = sourcecode.swift; path = AppDelegate.swift; sourceTree = "<group>"; };
		D04EA1F82117E7E1004DFCEF /* Base */ = {isa = PBXFileReference; lastKnownFileType = file.storyboard; name = Base; path = Base.lproj/Main.storyboard; sourceTree = "<group>"; };
		D04EA1FB2117E7E1004DFCEF /* collectionVIewTest.xcdatamodel */ = {isa = PBXFileReference; lastKnownFileType = wrapper.xcdatamodel; path = collectionVIewTest.xcdatamodel; sourceTree = "<group>"; };
		D04EA1FD2117E7E2004DFCEF /* Assets.xcassets */ = {isa = PBXFileReference; lastKnownFileType = folder.assetcatalog; path = Assets.xcassets; sourceTree = "<group>"; };
		D04EA2002117E7E2004DFCEF /* Base */ = {isa = PBXFileReference; lastKnownFileType = file.storyboard; name = Base; path = Base.lproj/LaunchScreen.storyboard; sourceTree = "<group>"; };
		D04EA2022117E7E2004DFCEF /* Info.plist */ = {isa = PBXFileReference; lastKnownFileType = text.plist.xml; path = Info.plist; sourceTree = "<group>"; };
		D04EA2082117EDC6004DFCEF /* MainCollectionViewController.swift */ = {isa = PBXFileReference; lastKnownFileType = sourcecode.swift; path = MainCollectionViewController.swift; sourceTree = "<group>"; };
/* End PBXFileReference section */

/* Begin PBXFrameworksBuildPhase section */
		D04EA1ED2117E7E1004DFCEF /* Frameworks */ = {
			isa = PBXFrameworksBuildPhase;
			buildActionMask = 2147483647;
			files = (
			);
			runOnlyForDeploymentPostprocessing = 0;
		};
/* End PBXFrameworksBuildPhase section */

/* Begin PBXGroup section */
		D04EA1E72117E7E1004DFCEF = {
			isa = PBXGroup;
			children = (
				D04EA1F22117E7E1004DFCEF /* collectionVIewTest */,
				D04EA1F12117E7E1004DFCEF /* Products */,
			);
			sourceTree = "<group>";
		};
		D04EA1F12117E7E1004DFCEF /* Products */ = {
			isa = PBXGroup;
			children = (
				D04EA1F02117E7E1004DFCEF /* collectionVIewTest.app */,
			);
			name = Products;
			sourceTree = "<group>";
		};
		D04EA1F22117E7E1004DFCEF /* collectionVIewTest */ = {
			isa = PBXGroup;
			children = (
				D04EA1F32117E7E1004DFCEF /* AppDelegate.swift */,
				D04EA1F72117E7E1004DFCEF /* Main.storyboard */,
				D04EA1FD2117E7E2004DFCEF /* Assets.xcassets */,
				D04EA1FF2117E7E2004DFCEF /* LaunchScreen.storyboard */,
				D04EA2022117E7E2004DFCEF /* Info.plist */,
				D04EA1FA2117E7E1004DFCEF /* collectionVIewTest.xcdatamodeld */,
				D04EA2082117EDC6004DFCEF /* MainCollectionViewController.swift */,
			);
			path = collectionVIewTest;
			sourceTree = "<group>";
		};
/* End PBXGroup section */

/* Begin PBXNativeTarget section */
		D04EA1EF2117E7E1004DFCEF /* collectionVIewTest */ = {
			isa = PBXNativeTarget;
			buildConfigurationList = D04EA2052117E7E2004DFCEF /* Build configuration list for PBXNativeTarget "collectionVIewTest" */;
			buildPhases = (
				D04EA1EC2117E7E1004DFCEF /* Sources */,
				D04EA1ED2117E7E1004DFCEF /* Frameworks */,
				D04EA1EE2117E7E1004DFCEF /* Resources */,
			);
			buildRules = (
			);
			dependencies = (
			);
			name = collectionVIewTest;
			productName = collectionVIewTest;
			productReference = D04EA1F02117E7E1004DFCEF /* collectionVIewTest.app */;
			productType = "com.apple.product-type.application";
		};
/* End PBXNativeTarget section */

/* Begin PBXProject section */
		D04EA1E82117E7E1004DFCEF /* Project object */ = {
			isa = PBXProject;
			attributes = {
				LastSwiftUpdateCheck = 0940;
				LastUpgradeCheck = 0940;
				ORGANIZATIONNAME = ahnYeLim;
				TargetAttributes = {
					D04EA1EF2117E7E1004DFCEF = {
						CreatedOnToolsVersion = 9.4.1;
					};
				};
			};
			buildConfigurationList = D04EA1EB2117E7E1004DFCEF /* Build configuration list for PBXProject "CollectionVIewTest" */;
			compatibilityVersion = "Xcode 9.3";
			developmentRegion = en;
			hasScannedForEncodings = 0;
			knownRegions = (
				en,
				Base,
			);
			mainGroup = D04EA1E72117E7E1004DFCEF;
			productRefGroup = D04EA1F12117E7E1004DFCEF /* Products */;
			projectDirPath = "";
			projectRoot = "";
			targets = (
				D04EA1EF2117E7E1004DFCEF /* collectionVIewTest */,
			);
		};
/* End PBXProject section */

/* Begin PBXResourcesBuildPhase section */
		D04EA1EE2117E7E1004DFCEF /* Resources */ = {
			isa = PBXResourcesBuildPhase;
			buildActionMask = 2147483647;
			files = (
				D04EA2012117E7E2004DFCEF /* LaunchScreen.storyboard in Resources */,
				D04EA1FE2117E7E2004DFCEF /* Assets.xcassets in Resources */,
				D04EA1F92117E7E1004DFCEF /* Main.storyboard in Resources */,
			);
			runOnlyForDeploymentPostprocessing = 0;
		};
/* End PBXResourcesBuildPhase section */

/* Begin PBXSourcesBuildPhase section */
		D04EA1EC2117E7E1004DFCEF /* Sources */ = {
			isa = PBXSourcesBuildPhase;
			buildActionMask = 2147483647;
			files = (
				D04EA1FC2117E7E1004DFCEF /* collectionVIewTest.xcdatamodeld in Sources */,
				D04EA2092117EDC6004DFCEF /* MainCollectionViewController.swift in Sources */,
				D04EA1F42117E7E1004DFCEF /* AppDelegate.swift in Sources */,
			);
			runOnlyForDeploymentPostprocessing = 0;
		};
/* End PBXSourcesBuildPhase section */

/* Begin PBXVariantGroup section */
		D04EA1F72117E7E1004DFCEF /* Main.storyboard */ = {
			isa = PBXVariantGroup;
			children = (
				D04EA1F82117E7E1004DFCEF /* Base */,
			);
			name = Main.storyboard;
			sourceTree = "<group>";
		};
		D04EA1FF2117E7E2004DFCEF /* LaunchScreen.storyboard */ = {
			isa = PBXVariantGroup;
			children = (
				D04EA2002117E7E2004DFCEF /* Base */,
			);
			name = LaunchScreen.storyboard;
			sourceTree = "<group>";
		};
/* End PBXVariantGroup section */

/* Begin XCBuildConfiguration section */
		D04EA2032117E7E2004DFCEF /* Debug */ = {
			isa = XCBuildConfiguration;
			buildSettings = {
				ALWAYS_SEARCH_USER_PATHS = NO;
				CLANG_ANALYZER_NONNULL = YES;
				CLANG_ANALYZER_NUMBER_OBJECT_CONVERSION = YES_AGGRESSIVE;
				CLANG_CXX_LANGUAGE_STANDARD = "gnu++14";
				CLANG_CXX_LIBRARY = "libc++";
				CLANG_ENABLE_MODULES = YES;
				CLANG_ENABLE_OBJC_ARC = YES;
				CLANG_ENABLE_OBJC_WEAK = YES;
				CLANG_WARN_BLOCK_CAPTURE_AUTORELEASING = YES;
				CLANG_WARN_BOOL_CONVERSION = YES;
				CLANG_WARN_COMMA = YES;
				CLANG_WARN_CONSTANT_CONVERSION = YES;
				CLANG_WARN_DEPRECATED_OBJC_IMPLEMENTATIONS = YES;
				CLANG_WARN_DIRECT_OBJC_ISA_USAGE = YES_ERROR;
				CLANG_WARN_DOCUMENTATION_COMMENTS = YES;
				CLANG_WARN_EMPTY_BODY = YES;
				CLANG_WARN_ENUM_CONVERSION = YES;
				CLANG_WARN_INFINITE_RECURSION = YES;
				CLANG_WARN_INT_CONVERSION = YES;
				CLANG_WARN_NON_LITERAL_NULL_CONVERSION = YES;
				CLANG_WARN_OBJC_IMPLICIT_RETAIN_SELF = YES;
				CLANG_WARN_OBJC_LITERAL_CONVERSION = YES;
				CLANG_WARN_OBJC_ROOT_CLASS = YES_ERROR;
				CLANG_WARN_RANGE_LOOP_ANALYSIS = YES;
				CLANG_WARN_STRICT_PROTOTYPES = YES;
				CLANG_WARN_SUSPICIOUS_MOVE = YES;
				CLANG_WARN_UNGUARDED_AVAILABILITY = YES_AGGRESSIVE;
				CLANG_WARN_UNREACHABLE_CODE = YES;
				CLANG_WARN__DUPLICATE_METHOD_MATCH = YES;
				CODE_SIGN_IDENTITY = "iPhone Developer";
				COPY_PHASE_STRIP = NO;
				DEBUG_INFORMATION_FORMAT = dwarf;
				ENABLE_STRICT_OBJC_MSGSEND = YES;
				ENABLE_TESTABILITY = YES;
				GCC_C_LANGUAGE_STANDARD = gnu11;
				GCC_DYNAMIC_NO_PIC = NO;
				GCC_NO_COMMON_BLOCKS = YES;
				GCC_OPTIMIZATION_LEVEL = 0;
				GCC_PREPROCESSOR_DEFINITIONS = (
					"DEBUG=1",
					"$(inherited)",
				);
				GCC_WARN_64_TO_32_BIT_CONVERSION = YES;
				GCC_WARN_ABOUT_RETURN_TYPE = YES_ERROR;
				GCC_WARN_UNDECLARED_SELECTOR = YES;
				GCC_WARN_UNINITIALIZED_AUTOS = YES_AGGRESSIVE;
				GCC_WARN_UNUSED_FUNCTION = YES;
				GCC_WARN_UNUSED_VARIABLE = YES;
				IPHONEOS_DEPLOYMENT_TARGET = 11.4;
				MTL_ENABLE_DEBUG_INFO = YES;
				ONLY_ACTIVE_ARCH = YES;
				SDKROOT = iphoneos;
				SWIFT_ACTIVE_COMPILATION_CONDITIONS = DEBUG;
				SWIFT_OPTIMIZATION_LEVEL = "-Onone";
			};
			name = Debug;
		};
		D04EA2042117E7E2004DFCEF /* Release */ = {
			isa = XCBuildConfiguration;
			buildSettings = {
				ALWAYS_SEARCH_USER_PATHS = NO;
				CLANG_ANALYZER_NONNULL = YES;
				CLANG_ANALYZER_NUMBER_OBJECT_CONVERSION = YES_AGGRESSIVE;
				CLANG_CXX_LANGUAGE_STANDARD = "gnu++14";
				CLANG_CXX_LIBRARY = "libc++";
				CLANG_ENABLE_MODULES = YES;
				CLANG_ENABLE_OBJC_ARC = YES;
				CLANG_ENABLE_OBJC_WEAK = YES;
				CLANG_WARN_BLOCK_CAPTURE_AUTORELEASING = YES;
				CLANG_WARN_BOOL_CONVERSION = YES;
				CLANG_WARN_COMMA = YES;
				CLANG_WARN_CONSTANT_CONVERSION = YES;
				CLANG_WARN_DEPRECATED_OBJC_IMPLEMENTATIONS = YES;
				CLANG_WARN_DIRECT_OBJC_ISA_USAGE = YES_ERROR;
				CLANG_WARN_DOCUMENTATION_COMMENTS = YES;
				CLANG_WARN_EMPTY_BODY = YES;
				CLANG_WARN_ENUM_CONVERSION = YES;
				CLANG_WARN_INFINITE_RECURSION = YES;
				CLANG_WARN_INT_CONVERSION = YES;
				CLANG_WARN_NON_LITERAL_NULL_CONVERSION = YES;
				CLANG_WARN_OBJC_IMPLICIT_RETAIN_SELF = YES;
				CLANG_WARN_OBJC_LITERAL_CONVERSION = YES;
				CLANG_WARN_OBJC_ROOT_CLASS = YES_ERROR;
				CLANG_WARN_RANGE_LOOP_ANALYSIS = YES;
				CLANG_WARN_STRICT_PROTOTYPES = YES;
				CLANG_WARN_SUSPICIOUS_MOVE = YES;
				CLANG_WARN_UNGUARDED_AVAILABILITY = YES_AGGRESSIVE;
				CLANG_WARN_UNREACHABLE_CODE = YES;
				CLANG_WARN__DUPLICATE_METHOD_MATCH = YES;
				CODE_SIGN_IDENTITY = "iPhone Developer";
				COPY_PHASE_STRIP = NO;
				DEBUG_INFORMATION_FORMAT = "dwarf-with-dsym";
				ENABLE_NS_ASSERTIONS = NO;
				ENABLE_STRICT_OBJC_MSGSEND = YES;
				GCC_C_LANGUAGE_STANDARD = gnu11;
				GCC_NO_COMMON_BLOCKS = YES;
				GCC_WARN_64_TO_32_BIT_CONVERSION = YES;
				GCC_WARN_ABOUT_RETURN_TYPE = YES_ERROR;
				GCC_WARN_UNDECLARED_SELECTOR = YES;
				GCC_WARN_UNINITIALIZED_AUTOS = YES_AGGRESSIVE;
				GCC_WARN_UNUSED_FUNCTION = YES;
				GCC_WARN_UNUSED_VARIABLE = YES;
				IPHONEOS_DEPLOYMENT_TARGET = 11.4;
				MTL_ENABLE_DEBUG_INFO = NO;
				SDKROOT = iphoneos;
				SWIFT_COMPILATION_MODE = wholemodule;
				SWIFT_OPTIMIZATION_LEVEL = "-O";
				VALIDATE_PRODUCT = YES;
			};
			name = Release;
		};
		D04EA2062117E7E2004DFCEF /* Debug */ = {
			isa = XCBuildConfiguration;
			buildSettings = {
				ASSETCATALOG_COMPILER_APPICON_NAME = AppIcon;
				CODE_SIGN_STYLE = Automatic;
				INFOPLIST_FILE = collectionVIewTest/Info.plist;
				LD_RUNPATH_SEARCH_PATHS = (
					"$(inherited)",
					"@executable_path/Frameworks",
				);
				PRODUCT_BUNDLE_IDENTIFIER = tableView.collectionVIewTest;
				PRODUCT_NAME = "$(TARGET_NAME)";
				SWIFT_VERSION = 4.0;
				TARGETED_DEVICE_FAMILY = "1,2";
			};
			name = Debug;
		};
		D04EA2072117E7E2004DFCEF /* Release */ = {
			isa = XCBuildConfiguration;
			buildSettings = {
				ASSETCATALOG_COMPILER_APPICON_NAME = AppIcon;
				CODE_SIGN_STYLE = Automatic;
				INFOPLIST_FILE = collectionVIewTest/Info.plist;
				LD_RUNPATH_SEARCH_PATHS = (
					"$(inherited)",
					"@executable_path/Frameworks",
				);
				PRODUCT_BUNDLE_IDENTIFIER = tableView.collectionVIewTest;
				PRODUCT_NAME = "$(TARGET_NAME)";
				SWIFT_VERSION = 4.0;
				TARGETED_DEVICE_FAMILY = "1,2";
			};
			name = Release;
		};
/* End XCBuildConfiguration section */

/* Begin XCConfigurationList section */
		D04EA1EB2117E7E1004DFCEF /* Build configuration list for PBXProject "CollectionVIewTest" */ = {
			isa = XCConfigurationList;
			buildConfigurations = (
				D04EA2032117E7E2004DFCEF /* Debug */,
				D04EA2042117E7E2004DFCEF /* Release */,
			);
			defaultConfigurationIsVisible = 0;
			defaultConfigurationName = Release;
		};
		D04EA2052117E7E2004DFCEF /* Build configuration list for PBXNativeTarget "collectionVIewTest" */ = {
			isa = XCConfigurationList;
			buildConfigurations = (
				D04EA2062117E7E2004DFCEF /* Debug */,
				D04EA2072117E7E2004DFCEF /* Release */,
			);
			defaultConfigurationIsVisible = 0;
			defaultConfigurationName = Release;
		};
/* End XCConfigurationList section */

/* Begin XCVersionGroup section */
		D04EA1FA2117E7E1004DFCEF /* collectionVIewTest.xcdatamodeld */ = {
			isa = XCVersionGroup;
			children = (
				D04EA1FB2117E7E1004DFCEF /* collectionVIewTest.xcdatamodel */,
			);
			currentVersion = D04EA1FB2117E7E1004DFCEF /* collectionVIewTest.xcdatamodel */;
			path = collectionVIewTest.xcdatamodeld;
			sourceTree = "<group>";
			versionGroupType = wrapper.xcdatamodel;
		};
/* End XCVersionGroup section */
	};
	rootObject = D04EA1E82117E7E1004DFCEF /* Project object */;
}
